
Microsoft Visual Studio Solution File, Format Version 12.00
# Visual Studio Version 16
VisualStudioVersion = 16.0.31424.327
MinimumVisualStudioVersion = 10.0.40219.1
Project("{FAE04EC0-301F-11D3-BF4B-00C04F79EFBC}") = "BookShop", "BookShop\BookShop.csproj", "{02EA9F10-263C-448D-AF23-830C1A46A3B1}"
EndProject
Global
	GlobalSection(SolutionConfigurationPlatforms) = preSolution
		Debug|Any CPU = Debug|Any CPU
		Release|Any CPU = Release|Any CPU
	EndGlobalSection
	GlobalSection(ProjectConfigurationPlatforms) = postSolution
		{02EA9F10-263C-448D-AF23-830C1A46A3B1}.Debug|Any CPU.ActiveCfg = Debug|Any CPU
		{02EA9F10-263C-448D-AF23-830C1A46A3B1}.Debug|Any CPU.Build.0 = Debug|Any CPU
		{02EA9F10-263C-448D-AF23-830C1A46A3B1}.Release|Any CPU.ActiveCfg = Release|Any CPU
		{02EA9F10-263C-448D-AF23-830C1A46A3B1}.Release|Any CPU.Build.0 = Release|Any CPU
	EndGlobalSection
	GlobalSection(SolutionProperties) = preSolution
		HideSolutionNode = FALSE
	EndGlobalSection
	GlobalSection(ExtensibilityGlobals) = postSolution
		SolutionGuid = {9EFCDE9B-5EC8-4DAD-A2E4-AA411288486D}
	EndGlobalSection
EndGlobal
